
Microsoft Visual Studio Solution File, Format Version 12.00
# Visual Studio Version 17
VisualStudioVersion = 17.14.36414.22
MinimumVisualStudioVersion = 10.0.40219.1
Project("{FAE04EC0-301F-11D3-BF4B-00C04F79EFBC}") = "TaskManager", "TaskManager\TaskManager.csproj", "{82181125-C5DE-48A8-A960-D822CCAE6D55}"
EndProject
Project("{2150E333-8FDC-42A3-9474-1A3956D46DE8}") = "Core", "Core", "{02EA681E-C7D8-13C7-8484-4AC65E1B71E8}"
EndProject
Project("{FAE04EC0-301F-11D3-BF4B-00C04F79EFBC}") = "TaskManager.Domain", "TaskManager.Domain\TaskManager.Domain.csproj", "{D48680EF-8D2B-40CB-B3DF-DFDFBF9BF6D2}"
EndProject
Global
	GlobalSection(SolutionConfigurationPlatforms) = preSolution
		Debug|Any CPU = Debug|Any CPU
		Release|Any CPU = Release|Any CPU
	EndGlobalSection
	GlobalSection(ProjectConfigurationPlatforms) = postSolution
		{82181125-C5DE-48A8-A960-D822CCAE6D55}.Debug|Any CPU.ActiveCfg = Debug|Any CPU
		{82181125-C5DE-48A8-A960-D822CCAE6D55}.Debug|Any CPU.Build.0 = Debug|Any CPU
		{82181125-C5DE-48A8-A960-D822CCAE6D55}.Release|Any CPU.ActiveCfg = Release|Any CPU
		{82181125-C5DE-48A8-A960-D822CCAE6D55}.Release|Any CPU.Build.0 = Release|Any CPU
		{D48680EF-8D2B-40CB-B3DF-DFDFBF9BF6D2}.Debug|Any CPU.ActiveCfg = Debug|Any CPU
		{D48680EF-8D2B-40CB-B3DF-DFDFBF9BF6D2}.Debug|Any CPU.Build.0 = Debug|Any CPU
		{D48680EF-8D2B-40CB-B3DF-DFDFBF9BF6D2}.Release|Any CPU.ActiveCfg = Release|Any CPU
		{D48680EF-8D2B-40CB-B3DF-DFDFBF9BF6D2}.Release|Any CPU.Build.0 = Release|Any CPU
	EndGlobalSection
	GlobalSection(SolutionProperties) = preSolution
		HideSolutionNode = FALSE
	EndGlobalSection
	GlobalSection(NestedProjects) = preSolution
		{D48680EF-8D2B-40CB-B3DF-DFDFBF9BF6D2} = {02EA681E-C7D8-13C7-8484-4AC65E1B71E8}
	EndGlobalSection
	GlobalSection(ExtensibilityGlobals) = postSolution
		SolutionGuid = {E0D8CB9D-A0EF-40E6-B939-2A523CFA9842}
	EndGlobalSection
EndGlobal
